
Microsoft Visual Studio Solution File, Format Version 12.00
# Visual Studio 2012
Project("{FAE04EC0-301F-11D3-BF4B-00C04F79EFBC}") = "password", "password\password.csproj", "{670A84E3-7534-4673-BA9B-B23E46602ECA}"
EndProject
Global
	GlobalSection(SolutionConfigurationPlatforms) = preSolution
		Debug|Any CPU = Debug|Any CPU
		Release|Any CPU = Release|Any CPU
	EndGlobalSection
	GlobalSection(ProjectConfigurationPlatforms) = postSolution
		{670A84E3-7534-4673-BA9B-B23E46602ECA}.Debug|Any CPU.ActiveCfg = Debug|Any CPU
		{670A84E3-7534-4673-BA9B-B23E46602ECA}.Debug|Any CPU.Build.0 = Debug|Any CPU
		{670A84E3-7534-4673-BA9B-B23E46602ECA}.Release|Any CPU.ActiveCfg = Release|Any CPU
		{670A84E3-7534-4673-BA9B-B23E46602ECA}.Release|Any CPU.Build.0 = Release|Any CPU
	EndGlobalSection
	GlobalSection(SolutionProperties) = preSolution
		HideSolutionNode = FALSE
	EndGlobalSection
EndGlobal
