
Microsoft Visual Studio Solution File, Format Version 11.00
# Visual Studio 2010
Project("{FAE04EC0-301F-11D3-BF4B-00C04F79EFBC}") = "Form1", "Form1\Form1.csproj", "{B48E2C92-77BB-4DA8-8825-095DC0694F64}"
EndProject
Global
	GlobalSection(SolutionConfigurationPlatforms) = preSolution
		Debug|x86 = Debug|x86
		Release|x86 = Release|x86
	EndGlobalSection
	GlobalSection(ProjectConfigurationPlatforms) = postSolution
		{B48E2C92-77BB-4DA8-8825-095DC0694F64}.Debug|x86.ActiveCfg = Debug|x86
		{B48E2C92-77BB-4DA8-8825-095DC0694F64}.Debug|x86.Build.0 = Debug|x86
		{B48E2C92-77BB-4DA8-8825-095DC0694F64}.Release|x86.ActiveCfg = Release|x86
		{B48E2C92-77BB-4DA8-8825-095DC0694F64}.Release|x86.Build.0 = Release|x86
	EndGlobalSection
	GlobalSection(SolutionProperties) = preSolution
		HideSolutionNode = FALSE
	EndGlobalSection
EndGlobal
